
Microsoft Visual Studio Solution File, Format Version 12.00
# Visual Studio Version 16
VisualStudioVersion = 16.0.30204.135
MinimumVisualStudioVersion = 10.0.40219.1
Project("{FAE04EC0-301F-11D3-BF4B-00C04F79EFBC}") = "CoffeeShop", "CoffeeShop\CoffeeShop.csproj", "{D5D02AE3-B71C-442A-B08A-247E67C32F41}"
EndProject
Global
	GlobalSection(SolutionConfigurationPlatforms) = preSolution
		Debug|Any CPU = Debug|Any CPU
		Release|Any CPU = Release|Any CPU
	EndGlobalSection
	GlobalSection(ProjectConfigurationPlatforms) = postSolution
		{D5D02AE3-B71C-442A-B08A-247E67C32F41}.Debug|Any CPU.ActiveCfg = Debug|Any CPU
		{D5D02AE3-B71C-442A-B08A-247E67C32F41}.Debug|Any CPU.Build.0 = Debug|Any CPU
		{D5D02AE3-B71C-442A-B08A-247E67C32F41}.Release|Any CPU.ActiveCfg = Release|Any CPU
		{D5D02AE3-B71C-442A-B08A-247E67C32F41}.Release|Any CPU.Build.0 = Release|Any CPU
	EndGlobalSection
	GlobalSection(SolutionProperties) = preSolution
		HideSolutionNode = FALSE
	EndGlobalSection
	GlobalSection(ExtensibilityGlobals) = postSolution
		SolutionGuid = {EFFAFCAD-C372-4A05-A13C-1BC880C674AF}
	EndGlobalSection
EndGlobal
